// !$*UTF8*$!
{
	archiveVersion = 1;
	classes = {
	};
	objectVersion = 46;
	objects = {

/* Begin PBXBuildFile section */
		E70F35AF1E3093FC006241E3 /* AppDelegate.swift in Sources */ = {isa = PBXBuildFile; fileRef = E70F35AE1E3093FC006241E3 /* AppDelegate.swift */; };
		E70F35B61E3093FC006241E3 /* Assets.xcassets in Resources */ = {isa = PBXBuildFile; fileRef = E70F35B51E3093FC006241E3 /* Assets.xcassets */; };
		E70F35C31E30945C006241E3 /* ViewController.swift in Sources */ = {isa = PBXBuildFile; fileRef = E70F35C21E30945C006241E3 /* ViewController.swift */; };
		E70F35D71E30A0FE006241E3 /* Default-568h@2x.png in Resources */ = {isa = PBXBuildFile; fileRef = E70F35D61E30A0FE006241E3 /* Default-568h@2x.png */; };
		E70F35D91E30A142006241E3 /* View.swift in Sources */ = {isa = PBXBuildFile; fileRef = E70F35D81E30A142006241E3 /* View.swift */; };
		E70F35DB1E30A17E006241E3 /* MainView.swift in Sources */ = {isa = PBXBuildFile; fileRef = E70F35DA1E30A17E006241E3 /* MainView.swift */; };
		E70F35F81E30CD3D006241E3 /* PHAssetCollectionExtension.swift in Sources */ = {isa = PBXBuildFile; fileRef = E70F35E61E30CD3D006241E3 /* PHAssetCollectionExtension.swift */; };
		E70F35F91E30CD3D006241E3 /* UIColorExtension.swift in Sources */ = {isa = PBXBuildFile; fileRef = E70F35E71E30CD3D006241E3 /* UIColorExtension.swift */; };
		E70F35FA1E30CD3D006241E3 /* UIResponderExtension.swift in Sources */ = {isa = PBXBuildFile; fileRef = E70F35E81E30CD3D006241E3 /* UIResponderExtension.swift */; };
		E70F35FB1E30CD3D006241E3 /* Model.swift in Sources */ = {isa = PBXBuildFile; fileRef = E70F35EA1E30CD3D006241E3 /* Model.swift */; };
		E70F35FC1E30CD3D006241E3 /* STKeyboard.swift in Sources */ = {isa = PBXBuildFile; fileRef = E70F35EC1E30CD3D006241E3 /* STKeyboard.swift */; };
		E70F35FD1E30CD3D006241E3 /* STKeyboardNumber.swift in Sources */ = {isa = PBXBuildFile; fileRef = E70F35EE1E30CD3D006241E3 /* STKeyboardNumber.swift */; };
		E70F35FE1E30CD3D006241E3 /* STKeyboardPhoto.swift in Sources */ = {isa = PBXBuildFile; fileRef = E70F35F01E30CD3D006241E3 /* STKeyboardPhoto.swift */; };
		E70F35FF1E30CD3D006241E3 /* STKeyboardPhotoCollection.swift in Sources */ = {isa = PBXBuildFile; fileRef = E70F35F11E30CD3D006241E3 /* STKeyboardPhotoCollection.swift */; };
		E70F36001E30CD3D006241E3 /* STKeyboardPhotoCollectionCell.swift in Sources */ = {isa = PBXBuildFile; fileRef = E70F35F21E30CD3D006241E3 /* STKeyboardPhotoCollectionCell.swift */; };
		E70F36011E30CD3D006241E3 /* AssetsLibrary.swift in Sources */ = {isa = PBXBuildFile; fileRef = E70F35F41E30CD3D006241E3 /* AssetsLibrary.swift */; };
		E70F36021E30CD3D006241E3 /* Constants.swift in Sources */ = {isa = PBXBuildFile; fileRef = E70F35F51E30CD3D006241E3 /* Constants.swift */; };
		E70F36031E30CD3D006241E3 /* STButton.swift in Sources */ = {isa = PBXBuildFile; fileRef = E70F35F61E30CD3D006241E3 /* STButton.swift */; };
		E70F36041E30CD3D006241E3 /* Threading.swift in Sources */ = {isa = PBXBuildFile; fileRef = E70F35F71E30CD3D006241E3 /* Threading.swift */; };
/* End PBXBuildFile section */

/* Begin PBXFileReference section */
		E70F35AB1E3093FC006241E3 /* STKeyboard.app */ = {isa = PBXFileReference; explicitFileType = wrapper.application; includeInIndex = 0; path = STKeyboard.app; sourceTree = BUILT_PRODUCTS_DIR; };
		E70F35AE1E3093FC006241E3 /* AppDelegate.swift */ = {isa = PBXFileReference; lastKnownFileType = sourcecode.swift; path = AppDelegate.swift; sourceTree = "<group>"; };
		E70F35B51E3093FC006241E3 /* Assets.xcassets */ = {isa = PBXFileReference; lastKnownFileType = folder.assetcatalog; path = Assets.xcassets; sourceTree = "<group>"; };
		E70F35BA1E3093FC006241E3 /* Info.plist */ = {isa = PBXFileReference; lastKnownFileType = text.plist.xml; path = Info.plist; sourceTree = "<group>"; };
		E70F35C21E30945C006241E3 /* ViewController.swift */ = {isa = PBXFileReference; fileEncoding = 4; lastKnownFileType = sourcecode.swift; path = ViewController.swift; sourceTree = "<group>"; };
		E70F35D61E30A0FE006241E3 /* Default-568h@2x.png */ = {isa = PBXFileReference; lastKnownFileType = image.png; path = "Default-568h@2x.png"; sourceTree = "<group>"; };
		E70F35D81E30A142006241E3 /* View.swift */ = {isa = PBXFileReference; fileEncoding = 4; lastKnownFileType = sourcecode.swift; path = View.swift; sourceTree = "<group>"; };
		E70F35DA1E30A17E006241E3 /* MainView.swift */ = {isa = PBXFileReference; fileEncoding = 4; lastKnownFileType = sourcecode.swift; path = MainView.swift; sourceTree = "<group>"; };
		E70F35E61E30CD3D006241E3 /* PHAssetCollectionExtension.swift */ = {isa = PBXFileReference; fileEncoding = 4; lastKnownFileType = sourcecode.swift; path = PHAssetCollectionExtension.swift; sourceTree = "<group>"; };
		E70F35E71E30CD3D006241E3 /* UIColorExtension.swift */ = {isa = PBXFileReference; fileEncoding = 4; lastKnownFileType = sourcecode.swift; path = UIColorExtension.swift; sourceTree = "<group>"; };
		E70F35E81E30CD3D006241E3 /* UIResponderExtension.swift */ = {isa = PBXFileReference; fileEncoding = 4; lastKnownFileType = sourcecode.swift; path = UIResponderExtension.swift; sourceTree = "<group>"; };
		E70F35EA1E30CD3D006241E3 /* Model.swift */ = {isa = PBXFileReference; fileEncoding = 4; lastKnownFileType = sourcecode.swift; path = Model.swift; sourceTree = "<group>"; };
		E70F35EC1E30CD3D006241E3 /* STKeyboard.swift */ = {isa = PBXFileReference; fileEncoding = 4; lastKnownFileType = sourcecode.swift; path = STKeyboard.swift; sourceTree = "<group>"; };
		E70F35EE1E30CD3D006241E3 /* STKeyboardNumber.swift */ = {isa = PBXFileReference; fileEncoding = 4; lastKnownFileType = sourcecode.swift; path = STKeyboardNumber.swift; sourceTree = "<group>"; };
		E70F35F01E30CD3D006241E3 /* STKeyboardPhoto.swift */ = {isa = PBXFileReference; fileEncoding = 4; lastKnownFileType = sourcecode.swift; path = STKeyboardPhoto.swift; sourceTree = "<group>"; };
		E70F35F11E30CD3D006241E3 /* STKeyboardPhotoCollection.swift */ = {isa = PBXFileReference; fileEncoding = 4; lastKnownFileType = sourcecode.swift; path = STKeyboardPhotoCollection.swift; sourceTree = "<group>"; };
		E70F35F21E30CD3D006241E3 /* STKeyboardPhotoCollectionCell.swift */ = {isa = PBXFileReference; fileEncoding = 4; lastKnownFileType = sourcecode.swift; path = STKeyboardPhotoCollectionCell.swift; sourceTree = "<group>"; };
		E70F35F41E30CD3D006241E3 /* AssetsLibrary.swift */ = {isa = PBXFileReference; fileEncoding = 4; lastKnownFileType = sourcecode.swift; path = AssetsLibrary.swift; sourceTree = "<group>"; };
		E70F35F51E30CD3D006241E3 /* Constants.swift */ = {isa = PBXFileReference; fileEncoding = 4; lastKnownFileType = sourcecode.swift; path = Constants.swift; sourceTree = "<group>"; };
		E70F35F61E30CD3D006241E3 /* STButton.swift */ = {isa = PBXFileReference; fileEncoding = 4; lastKnownFileType = sourcecode.swift; path = STButton.swift; sourceTree = "<group>"; };
		E70F35F71E30CD3D006241E3 /* Threading.swift */ = {isa = PBXFileReference; fileEncoding = 4; lastKnownFileType = sourcecode.swift; path = Threading.swift; sourceTree = "<group>"; };
/* End PBXFileReference section */

/* Begin PBXFrameworksBuildPhase section */
		E70F35A81E3093FC006241E3 /* Frameworks */ = {
			isa = PBXFrameworksBuildPhase;
			buildActionMask = 2147483647;
			files = (
			);
			runOnlyForDeploymentPostprocessing = 0;
		};
/* End PBXFrameworksBuildPhase section */

/* Begin PBXGroup section */
		E70F35A21E3093FC006241E3 = {
			isa = PBXGroup;
			children = (
				E70F35D61E30A0FE006241E3 /* Default-568h@2x.png */,
				E70F35AD1E3093FC006241E3 /* STKeyboard */,
				E70F35AC1E3093FC006241E3 /* Products */,
			);
			sourceTree = "<group>";
		};
		E70F35AC1E3093FC006241E3 /* Products */ = {
			isa = PBXGroup;
			children = (
				E70F35AB1E3093FC006241E3 /* STKeyboard.app */,
			);
			name = Products;
			sourceTree = "<group>";
		};
		E70F35AD1E3093FC006241E3 /* STKeyboard */ = {
			isa = PBXGroup;
			children = (
				E70F35C11E30944D006241E3 /* Example */,
				E70F35C01E30943A006241E3 /* Classes */,
				E70F35AE1E3093FC006241E3 /* AppDelegate.swift */,
				E70F35B51E3093FC006241E3 /* Assets.xcassets */,
				E70F35BA1E3093FC006241E3 /* Info.plist */,
			);
			path = STKeyboard;
			sourceTree = "<group>";
		};
		E70F35C01E30943A006241E3 /* Classes */ = {
			isa = PBXGroup;
			children = (
				E70F35E51E30CD3D006241E3 /* Extension */,
				E70F35E91E30CD3D006241E3 /* Model */,
				E70F35EB1E30CD3D006241E3 /* STKeyboard */,
				E70F35ED1E30CD3D006241E3 /* STKeyboardNumber */,
				E70F35EF1E30CD3D006241E3 /* STKeyboardPhoto */,
				E70F35F31E30CD3D006241E3 /* Utility */,
			);
			path = Classes;
			sourceTree = "<group>";
		};
		E70F35C11E30944D006241E3 /* Example */ = {
			isa = PBXGroup;
			children = (
				E70F35C21E30945C006241E3 /* ViewController.swift */,
				E70F35D81E30A142006241E3 /* View.swift */,
				E70F35DA1E30A17E006241E3 /* MainView.swift */,
			);
			path = Example;
			sourceTree = "<group>";
		};
		E70F35E51E30CD3D006241E3 /* Extension */ = {
			isa = PBXGroup;
			children = (
				E70F35E61E30CD3D006241E3 /* PHAssetCollectionExtension.swift */,
				E70F35E71E30CD3D006241E3 /* UIColorExtension.swift */,
				E70F35E81E30CD3D006241E3 /* UIResponderExtension.swift */,
			);
			path = Extension;
			sourceTree = "<group>";
		};
		E70F35E91E30CD3D006241E3 /* Model */ = {
			isa = PBXGroup;
			children = (
				E70F35EA1E30CD3D006241E3 /* Model.swift */,
			);
			path = Model;
			sourceTree = "<group>";
		};
		E70F35EB1E30CD3D006241E3 /* STKeyboard */ = {
			isa = PBXGroup;
			children = (
				E70F35EC1E30CD3D006241E3 /* STKeyboard.swift */,
			);
			path = STKeyboard;
			sourceTree = "<group>";
		};
		E70F35ED1E30CD3D006241E3 /* STKeyboardNumber */ = {
			isa = PBXGroup;
			children = (
				E70F35EE1E30CD3D006241E3 /* STKeyboardNumber.swift */,
			);
			path = STKeyboardNumber;
			sourceTree = "<group>";
		};
		E70F35EF1E30CD3D006241E3 /* STKeyboardPhoto */ = {
			isa = PBXGroup;
			children = (
				E70F35F01E30CD3D006241E3 /* STKeyboardPhoto.swift */,
				E70F35F11E30CD3D006241E3 /* STKeyboardPhotoCollection.swift */,
				E70F35F21E30CD3D006241E3 /* STKeyboardPhotoCollectionCell.swift */,
			);
			path = STKeyboardPhoto;
			sourceTree = "<group>";
		};
		E70F35F31E30CD3D006241E3 /* Utility */ = {
			isa = PBXGroup;
			children = (
				E70F35F41E30CD3D006241E3 /* AssetsLibrary.swift */,
				E70F35F51E30CD3D006241E3 /* Constants.swift */,
				E70F35F61E30CD3D006241E3 /* STButton.swift */,
				E70F35F71E30CD3D006241E3 /* Threading.swift */,
			);
			path = Utility;
			sourceTree = "<group>";
		};
/* End PBXGroup section */

/* Begin PBXNativeTarget section */
		E70F35AA1E3093FC006241E3 /* STKeyboard */ = {
			isa = PBXNativeTarget;
			buildConfigurationList = E70F35BD1E3093FC006241E3 /* Build configuration list for PBXNativeTarget "STKeyboard" */;
			buildPhases = (
				E70F35A71E3093FC006241E3 /* Sources */,
				E70F35A81E3093FC006241E3 /* Frameworks */,
				E70F35A91E3093FC006241E3 /* Resources */,
			);
			buildRules = (
			);
			dependencies = (
			);
			name = STKeyboard;
			productName = STKeyboard;
			productReference = E70F35AB1E3093FC006241E3 /* STKeyboard.app */;
			productType = "com.apple.product-type.application";
		};
/* End PBXNativeTarget section */

/* Begin PBXProject section */
		E70F35A31E3093FC006241E3 /* Project object */ = {
			isa = PBXProject;
			attributes = {
				LastSwiftUpdateCheck = 0820;
				LastUpgradeCheck = 0820;
				ORGANIZATIONNAME = Sonracle;
				TargetAttributes = {
					E70F35AA1E3093FC006241E3 = {
						CreatedOnToolsVersion = 8.2.1;
						ProvisioningStyle = Automatic;
					};
				};
			};
			buildConfigurationList = E70F35A61E3093FC006241E3 /* Build configuration list for PBXProject "STKeyboard" */;
			compatibilityVersion = "Xcode 3.2";
			developmentRegion = English;
			hasScannedForEncodings = 0;
			knownRegions = (
				en,
				Base,
			);
			mainGroup = E70F35A21E3093FC006241E3;
			productRefGroup = E70F35AC1E3093FC006241E3 /* Products */;
			projectDirPath = "";
			projectRoot = "";
			targets = (
				E70F35AA1E3093FC006241E3 /* STKeyboard */,
			);
		};
/* End PBXProject section */

/* Begin PBXResourcesBuildPhase section */
		E70F35A91E3093FC006241E3 /* Resources */ = {
			isa = PBXResourcesBuildPhase;
			buildActionMask = 2147483647;
			files = (
				E70F35B61E3093FC006241E3 /* Assets.xcassets in Resources */,
				E70F35D71E30A0FE006241E3 /* Default-568h@2x.png in Resources */,
			);
			runOnlyForDeploymentPostprocessing = 0;
		};
/* End PBXResourcesBuildPhase section */

/* Begin PBXSourcesBuildPhase section */
		E70F35A71E3093FC006241E3 /* Sources */ = {
			isa = PBXSourcesBuildPhase;
			buildActionMask = 2147483647;
			files = (
				E70F36041E30CD3D006241E3 /* Threading.swift in Sources */,
				E70F35FF1E30CD3D006241E3 /* STKeyboardPhotoCollection.swift in Sources */,
				E70F36001E30CD3D006241E3 /* STKeyboardPhotoCollectionCell.swift in Sources */,
				E70F35DB1E30A17E006241E3 /* MainView.swift in Sources */,
				E70F35C31E30945C006241E3 /* ViewController.swift in Sources */,
				E70F35D91E30A142006241E3 /* View.swift in Sources */,
				E70F36021E30CD3D006241E3 /* Constants.swift in Sources */,
				E70F35AF1E3093FC006241E3 /* AppDelegate.swift in Sources */,
				E70F35FE1E30CD3D006241E3 /* STKeyboardPhoto.swift in Sources */,
				E70F35F81E30CD3D006241E3 /* PHAssetCollectionExtension.swift in Sources */,
				E70F35F91E30CD3D006241E3 /* UIColorExtension.swift in Sources */,
				E70F35FD1E30CD3D006241E3 /* STKeyboardNumber.swift in Sources */,
				E70F36011E30CD3D006241E3 /* AssetsLibrary.swift in Sources */,
				E70F36031E30CD3D006241E3 /* STButton.swift in Sources */,
				E70F35FC1E30CD3D006241E3 /* STKeyboard.swift in Sources */,
				E70F35FA1E30CD3D006241E3 /* UIResponderExtension.swift in Sources */,
				E70F35FB1E30CD3D006241E3 /* Model.swift in Sources */,
			);
			runOnlyForDeploymentPostprocessing = 0;
		};
/* End PBXSourcesBuildPhase section */

/* Begin XCBuildConfiguration section */
		E70F35BB1E3093FC006241E3 /* Debug */ = {
			isa = XCBuildConfiguration;
			buildSettings = {
				ALWAYS_SEARCH_USER_PATHS = NO;
				CLANG_ANALYZER_NONNULL = YES;
				CLANG_CXX_LANGUAGE_STANDARD = "gnu++0x";
				CLANG_CXX_LIBRARY = "libc++";
				CLANG_ENABLE_MODULES = YES;
				CLANG_ENABLE_OBJC_ARC = YES;
				CLANG_WARN_BOOL_CONVERSION = YES;
				CLANG_WARN_CONSTANT_CONVERSION = YES;
				CLANG_WARN_DIRECT_OBJC_ISA_USAGE = YES_ERROR;
				CLANG_WARN_DOCUMENTATION_COMMENTS = YES;
				CLANG_WARN_EMPTY_BODY = YES;
				CLANG_WARN_ENUM_CONVERSION = YES;
				CLANG_WARN_INFINITE_RECURSION = YES;
				CLANG_WARN_INT_CONVERSION = YES;
				CLANG_WARN_OBJC_ROOT_CLASS = YES_ERROR;
				CLANG_WARN_SUSPICIOUS_MOVE = YES;
				CLANG_WARN_UNREACHABLE_CODE = YES;
				CLANG_WARN__DUPLICATE_METHOD_MATCH = YES;
				"CODE_SIGN_IDENTITY[sdk=iphoneos*]" = "iPhone Developer";
				COPY_PHASE_STRIP = NO;
				DEBUG_INFORMATION_FORMAT = dwarf;
				ENABLE_STRICT_OBJC_MSGSEND = YES;
				ENABLE_TESTABILITY = YES;
				GCC_C_LANGUAGE_STANDARD = gnu99;
				GCC_DYNAMIC_NO_PIC = NO;
				GCC_NO_COMMON_BLOCKS = YES;
				GCC_OPTIMIZATION_LEVEL = 0;
				GCC_PREPROCESSOR_DEFINITIONS = (
					"DEBUG=1",
					"$(inherited)",
				);
				GCC_WARN_64_TO_32_BIT_CONVERSION = YES;
				GCC_WARN_ABOUT_RETURN_TYPE = YES_ERROR;
				GCC_WARN_UNDECLARED_SELECTOR = YES;
				GCC_WARN_UNINITIALIZED_AUTOS = YES_AGGRESSIVE;
				GCC_WARN_UNUSED_FUNCTION = YES;
				GCC_WARN_UNUSED_VARIABLE = YES;
				IPHONEOS_DEPLOYMENT_TARGET = 8.0;
				MTL_ENABLE_DEBUG_INFO = YES;
				ONLY_ACTIVE_ARCH = YES;
				SDKROOT = iphoneos;
				SWIFT_ACTIVE_COMPILATION_CONDITIONS = DEBUG;
				SWIFT_OPTIMIZATION_LEVEL = "-Onone";
				TARGETED_DEVICE_FAMILY = "1,2";
			};
			name = Debug;
		};
		E70F35BC1E3093FC006241E3 /* Release */ = {
			isa = XCBuildConfiguration;
			buildSettings = {
				ALWAYS_SEARCH_USER_PATHS = NO;
				CLANG_ANALYZER_NONNULL = YES;
				CLANG_CXX_LANGUAGE_STANDARD = "gnu++0x";
				CLANG_CXX_LIBRARY = "libc++";
				CLANG_ENABLE_MODULES = YES;
				CLANG_ENABLE_OBJC_ARC = YES;
				CLANG_WARN_BOOL_CONVERSION = YES;
				CLANG_WARN_CONSTANT_CONVERSION = YES;
				CLANG_WARN_DIRECT_OBJC_ISA_USAGE = YES_ERROR;
				CLANG_WARN_DOCUMENTATION_COMMENTS = YES;
				CLANG_WARN_EMPTY_BODY = YES;
				CLANG_WARN_ENUM_CONVERSION = YES;
				CLANG_WARN_INFINITE_RECURSION = YES;
				CLANG_WARN_INT_CONVERSION = YES;
				CLANG_WARN_OBJC_ROOT_CLASS = YES_ERROR;
				CLANG_WARN_SUSPICIOUS_MOVE = YES;
				CLANG_WARN_UNREACHABLE_CODE = YES;
				CLANG_WARN__DUPLICATE_METHOD_MATCH = YES;
				"CODE_SIGN_IDENTITY[sdk=iphoneos*]" = "iPhone Developer";
				COPY_PHASE_STRIP = NO;
				DEBUG_INFORMATION_FORMAT = "dwarf-with-dsym";
				ENABLE_NS_ASSERTIONS = NO;
				ENABLE_STRICT_OBJC_MSGSEND = YES;
				GCC_C_LANGUAGE_STANDARD = gnu99;
				GCC_NO_COMMON_BLOCKS = YES;
				GCC_WARN_64_TO_32_BIT_CONVERSION = YES;
				GCC_WARN_ABOUT_RETURN_TYPE = YES_ERROR;
				GCC_WARN_UNDECLARED_SELECTOR = YES;
				GCC_WARN_UNINITIALIZED_AUTOS = YES_AGGRESSIVE;
				GCC_WARN_UNUSED_FUNCTION = YES;
				GCC_WARN_UNUSED_VARIABLE = YES;
				IPHONEOS_DEPLOYMENT_TARGET = 8.0;
				MTL_ENABLE_DEBUG_INFO = NO;
				SDKROOT = iphoneos;
				SWIFT_OPTIMIZATION_LEVEL = "-Owholemodule";
				TARGETED_DEVICE_FAMILY = "1,2";
				VALIDATE_PRODUCT = YES;
			};
			name = Release;
		};
		E70F35BE1E3093FC006241E3 /* Debug */ = {
			isa = XCBuildConfiguration;
			buildSettings = {
				ASSETCATALOG_COMPILER_APPICON_NAME = AppIcon;
				DEVELOPMENT_TEAM = "";
				INFOPLIST_FILE = STKeyboard/Info.plist;
				IPHONEOS_DEPLOYMENT_TARGET = 8.0;
				LD_RUNPATH_SEARCH_PATHS = "$(inherited) @executable_path/Frameworks";
				PRODUCT_BUNDLE_IDENTIFIER = com.sonracle.STKeyboard;
				PRODUCT_NAME = "$(TARGET_NAME)";
				SWIFT_VERSION = 3.0;
			};
			name = Debug;
		};
		E70F35BF1E3093FC006241E3 /* Release */ = {
			isa = XCBuildConfiguration;
			buildSettings = {
				ASSETCATALOG_COMPILER_APPICON_NAME = AppIcon;
				DEVELOPMENT_TEAM = "";
				INFOPLIST_FILE = STKeyboard/Info.plist;
				IPHONEOS_DEPLOYMENT_TARGET = 8.0;
				LD_RUNPATH_SEARCH_PATHS = "$(inherited) @executable_path/Frameworks";
				PRODUCT_BUNDLE_IDENTIFIER = com.sonracle.STKeyboard;
				PRODUCT_NAME = "$(TARGET_NAME)";
				SWIFT_VERSION = 3.0;
			};
			name = Release;
		};
/* End XCBuildConfiguration section */

/* Begin XCConfigurationList section */
		E70F35A61E3093FC006241E3 /* Build configuration list for PBXProject "STKeyboard" */ = {
			isa = XCConfigurationList;
			buildConfigurations = (
				E70F35BB1E3093FC006241E3 /* Debug */,
				E70F35BC1E3093FC006241E3 /* Release */,
			);
			defaultConfigurationIsVisible = 0;
			defaultConfigurationName = Release;
		};
		E70F35BD1E3093FC006241E3 /* Build configuration list for PBXNativeTarget "STKeyboard" */ = {
			isa = XCConfigurationList;
			buildConfigurations = (
				E70F35BE1E3093FC006241E3 /* Debug */,
				E70F35BF1E3093FC006241E3 /* Release */,
			);
			defaultConfigurationIsVisible = 0;
			defaultConfigurationName = Release;
		};
/* End XCConfigurationList section */
	};
	rootObject = E70F35A31E3093FC006241E3 /* Project object */;
}
